
Microsoft Visual Studio Solution File, Format Version 12.00
# Visual Studio Version 16
VisualStudioVersion = 16.0.31613.86
MinimumVisualStudioVersion = 10.0.40219.1
Project("{FAE04EC0-301F-11D3-BF4B-00C04F79EFBC}") = "Biblioteca", "Biblioteca\Biblioteca.csproj", "{DE911E3C-3E13-4678-A131-21A5F24AE5BE}"
EndProject
Project("{FAE04EC0-301F-11D3-BF4B-00C04F79EFBC}") = "Vista", "Vista\Vista.csproj", "{518BE5EF-5267-4F0F-AD20-FF68808DCA64}"
EndProject
Global
	GlobalSection(SolutionConfigurationPlatforms) = preSolution
		Debug|Any CPU = Debug|Any CPU
		Release|Any CPU = Release|Any CPU
	EndGlobalSection
	GlobalSection(ProjectConfigurationPlatforms) = postSolution
		{DE911E3C-3E13-4678-A131-21A5F24AE5BE}.Debug|Any CPU.ActiveCfg = Debug|Any CPU
		{DE911E3C-3E13-4678-A131-21A5F24AE5BE}.Debug|Any CPU.Build.0 = Debug|Any CPU
		{DE911E3C-3E13-4678-A131-21A5F24AE5BE}.Release|Any CPU.ActiveCfg = Release|Any CPU
		{DE911E3C-3E13-4678-A131-21A5F24AE5BE}.Release|Any CPU.Build.0 = Release|Any CPU
		{518BE5EF-5267-4F0F-AD20-FF68808DCA64}.Debug|Any CPU.ActiveCfg = Debug|Any CPU
		{518BE5EF-5267-4F0F-AD20-FF68808DCA64}.Debug|Any CPU.Build.0 = Debug|Any CPU
		{518BE5EF-5267-4F0F-AD20-FF68808DCA64}.Release|Any CPU.ActiveCfg = Release|Any CPU
		{518BE5EF-5267-4F0F-AD20-FF68808DCA64}.Release|Any CPU.Build.0 = Release|Any CPU
	EndGlobalSection
	GlobalSection(SolutionProperties) = preSolution
		HideSolutionNode = FALSE
	EndGlobalSection
	GlobalSection(ExtensibilityGlobals) = postSolution
		SolutionGuid = {097AA5C2-1C0C-4973-BB03-3540DB73977C}
	EndGlobalSection
EndGlobal
