
Microsoft Visual Studio Solution File, Format Version 12.00
# Visual Studio Version 16
VisualStudioVersion = 16.0.31613.86
MinimumVisualStudioVersion = 10.0.40219.1
Project("{FAE04EC0-301F-11D3-BF4B-00C04F79EFBC}") = "EntidadesRPP", "EntidadesRPP\EntidadesRPP.csproj", "{39F41492-4577-4A31-859B-C04A56705FCC}"
EndProject
Project("{FAE04EC0-301F-11D3-BF4B-00C04F79EFBC}") = "frmPrincipal", "frmPrincipal\frmPrincipal.csproj", "{C849EF50-4510-4924-B342-40FE2712EBCB}"
EndProject
Project("{FAE04EC0-301F-11D3-BF4B-00C04F79EFBC}") = "frmPersonal", "frmPersonal\frmPersonal.csproj", "{ED909E42-2F13-4574-B03B-F2F322EF22F0}"
EndProject
Global
	GlobalSection(SolutionConfigurationPlatforms) = preSolution
		Debug|Any CPU = Debug|Any CPU
		Release|Any CPU = Release|Any CPU
	EndGlobalSection
	GlobalSection(ProjectConfigurationPlatforms) = postSolution
		{39F41492-4577-4A31-859B-C04A56705FCC}.Debug|Any CPU.ActiveCfg = Debug|Any CPU
		{39F41492-4577-4A31-859B-C04A56705FCC}.Debug|Any CPU.Build.0 = Debug|Any CPU
		{39F41492-4577-4A31-859B-C04A56705FCC}.Release|Any CPU.ActiveCfg = Release|Any CPU
		{39F41492-4577-4A31-859B-C04A56705FCC}.Release|Any CPU.Build.0 = Release|Any CPU
		{C849EF50-4510-4924-B342-40FE2712EBCB}.Debug|Any CPU.ActiveCfg = Debug|Any CPU
		{C849EF50-4510-4924-B342-40FE2712EBCB}.Debug|Any CPU.Build.0 = Debug|Any CPU
		{C849EF50-4510-4924-B342-40FE2712EBCB}.Release|Any CPU.ActiveCfg = Release|Any CPU
		{C849EF50-4510-4924-B342-40FE2712EBCB}.Release|Any CPU.Build.0 = Release|Any CPU
		{ED909E42-2F13-4574-B03B-F2F322EF22F0}.Debug|Any CPU.ActiveCfg = Debug|Any CPU
		{ED909E42-2F13-4574-B03B-F2F322EF22F0}.Debug|Any CPU.Build.0 = Debug|Any CPU
		{ED909E42-2F13-4574-B03B-F2F322EF22F0}.Release|Any CPU.ActiveCfg = Release|Any CPU
		{ED909E42-2F13-4574-B03B-F2F322EF22F0}.Release|Any CPU.Build.0 = Release|Any CPU
	EndGlobalSection
	GlobalSection(SolutionProperties) = preSolution
		HideSolutionNode = FALSE
	EndGlobalSection
	GlobalSection(ExtensibilityGlobals) = postSolution
		SolutionGuid = {FFC9AAD3-7FCE-429B-A9A8-890F9547EEE4}
	EndGlobalSection
EndGlobal
