
Microsoft Visual Studio Solution File, Format Version 12.00
# Visual Studio Version 16
VisualStudioVersion = 16.0.31613.86
MinimumVisualStudioVersion = 10.0.40219.1
Project("{FAE04EC0-301F-11D3-BF4B-00C04F79EFBC}") = "Biblioteca", "Biblioteca\Biblioteca.csproj", "{5ADCAC2B-429B-43A5-BAAF-6FAF20770426}"
EndProject
Project("{FAE04EC0-301F-11D3-BF4B-00C04F79EFBC}") = "Test", "Test\Test.csproj", "{B2B2D08E-02CB-48D0-8473-0CFB97130C06}"
EndProject
Global
	GlobalSection(SolutionConfigurationPlatforms) = preSolution
		Debug|Any CPU = Debug|Any CPU
		Release|Any CPU = Release|Any CPU
	EndGlobalSection
	GlobalSection(ProjectConfigurationPlatforms) = postSolution
		{5ADCAC2B-429B-43A5-BAAF-6FAF20770426}.Debug|Any CPU.ActiveCfg = Debug|Any CPU
		{5ADCAC2B-429B-43A5-BAAF-6FAF20770426}.Debug|Any CPU.Build.0 = Debug|Any CPU
		{5ADCAC2B-429B-43A5-BAAF-6FAF20770426}.Release|Any CPU.ActiveCfg = Release|Any CPU
		{5ADCAC2B-429B-43A5-BAAF-6FAF20770426}.Release|Any CPU.Build.0 = Release|Any CPU
		{B2B2D08E-02CB-48D0-8473-0CFB97130C06}.Debug|Any CPU.ActiveCfg = Debug|Any CPU
		{B2B2D08E-02CB-48D0-8473-0CFB97130C06}.Debug|Any CPU.Build.0 = Debug|Any CPU
		{B2B2D08E-02CB-48D0-8473-0CFB97130C06}.Release|Any CPU.ActiveCfg = Release|Any CPU
		{B2B2D08E-02CB-48D0-8473-0CFB97130C06}.Release|Any CPU.Build.0 = Release|Any CPU
	EndGlobalSection
	GlobalSection(SolutionProperties) = preSolution
		HideSolutionNode = FALSE
	EndGlobalSection
	GlobalSection(ExtensibilityGlobals) = postSolution
		SolutionGuid = {2952179B-9FF1-405B-AE12-5F8222AD295F}
	EndGlobalSection
EndGlobal
