
Microsoft Visual Studio Solution File, Format Version 12.00
# Visual Studio Version 16
VisualStudioVersion = 16.0.31613.86
MinimumVisualStudioVersion = 10.0.40219.1
Project("{FAE04EC0-301F-11D3-BF4B-00C04F79EFBC}") = "Vista", "Vista\Vista.csproj", "{7E72A936-8895-4950-8F1E-3811A744E341}"
EndProject
Project("{FAE04EC0-301F-11D3-BF4B-00C04F79EFBC}") = "Biblioteca", "Biblioteca\Biblioteca.csproj", "{D40D8D62-87E6-4DC0-BA27-605B643552D5}"
EndProject
Global
	GlobalSection(SolutionConfigurationPlatforms) = preSolution
		Debug|Any CPU = Debug|Any CPU
		Release|Any CPU = Release|Any CPU
	EndGlobalSection
	GlobalSection(ProjectConfigurationPlatforms) = postSolution
		{7E72A936-8895-4950-8F1E-3811A744E341}.Debug|Any CPU.ActiveCfg = Debug|Any CPU
		{7E72A936-8895-4950-8F1E-3811A744E341}.Debug|Any CPU.Build.0 = Debug|Any CPU
		{7E72A936-8895-4950-8F1E-3811A744E341}.Release|Any CPU.ActiveCfg = Release|Any CPU
		{7E72A936-8895-4950-8F1E-3811A744E341}.Release|Any CPU.Build.0 = Release|Any CPU
		{D40D8D62-87E6-4DC0-BA27-605B643552D5}.Debug|Any CPU.ActiveCfg = Debug|Any CPU
		{D40D8D62-87E6-4DC0-BA27-605B643552D5}.Debug|Any CPU.Build.0 = Debug|Any CPU
		{D40D8D62-87E6-4DC0-BA27-605B643552D5}.Release|Any CPU.ActiveCfg = Release|Any CPU
		{D40D8D62-87E6-4DC0-BA27-605B643552D5}.Release|Any CPU.Build.0 = Release|Any CPU
	EndGlobalSection
	GlobalSection(SolutionProperties) = preSolution
		HideSolutionNode = FALSE
	EndGlobalSection
	GlobalSection(ExtensibilityGlobals) = postSolution
		SolutionGuid = {1CDFED09-5CAE-434A-809E-D6F918FA61F6}
	EndGlobalSection
EndGlobal
