
Microsoft Visual Studio Solution File, Format Version 12.00
# Visual Studio Version 16
VisualStudioVersion = 16.0.31613.86
MinimumVisualStudioVersion = 10.0.40219.1
Project("{FAE04EC0-301F-11D3-BF4B-00C04F79EFBC}") = "Clase08-09", "Clase08-09\Clase08-09.csproj", "{EA4C06AF-982A-4620-B767-E0B872D86375}"
EndProject
Global
	GlobalSection(SolutionConfigurationPlatforms) = preSolution
		Debug|Any CPU = Debug|Any CPU
		Release|Any CPU = Release|Any CPU
	EndGlobalSection
	GlobalSection(ProjectConfigurationPlatforms) = postSolution
		{EA4C06AF-982A-4620-B767-E0B872D86375}.Debug|Any CPU.ActiveCfg = Debug|Any CPU
		{EA4C06AF-982A-4620-B767-E0B872D86375}.Debug|Any CPU.Build.0 = Debug|Any CPU
		{EA4C06AF-982A-4620-B767-E0B872D86375}.Release|Any CPU.ActiveCfg = Release|Any CPU
		{EA4C06AF-982A-4620-B767-E0B872D86375}.Release|Any CPU.Build.0 = Release|Any CPU
	EndGlobalSection
	GlobalSection(SolutionProperties) = preSolution
		HideSolutionNode = FALSE
	EndGlobalSection
	GlobalSection(ExtensibilityGlobals) = postSolution
		SolutionGuid = {24E0D211-8648-46DC-88B3-FBFCC0D2DA99}
	EndGlobalSection
EndGlobal
