
Microsoft Visual Studio Solution File, Format Version 12.00
# Visual Studio Version 16
VisualStudioVersion = 16.0.31613.86
MinimumVisualStudioVersion = 10.0.40219.1
Project("{FAE04EC0-301F-11D3-BF4B-00C04F79EFBC}") = "Biblioteca", "Biblioteca\Biblioteca.csproj", "{47C21082-81A8-4C8D-88F0-D11CBEA71B07}"
EndProject
Project("{FAE04EC0-301F-11D3-BF4B-00C04F79EFBC}") = "Vista", "Vista\Vista.csproj", "{3EBBF023-DCDD-4F65-9F7C-DCB9E7776803}"
EndProject
Global
	GlobalSection(SolutionConfigurationPlatforms) = preSolution
		Debug|Any CPU = Debug|Any CPU
		Release|Any CPU = Release|Any CPU
	EndGlobalSection
	GlobalSection(ProjectConfigurationPlatforms) = postSolution
		{47C21082-81A8-4C8D-88F0-D11CBEA71B07}.Debug|Any CPU.ActiveCfg = Debug|Any CPU
		{47C21082-81A8-4C8D-88F0-D11CBEA71B07}.Debug|Any CPU.Build.0 = Debug|Any CPU
		{47C21082-81A8-4C8D-88F0-D11CBEA71B07}.Release|Any CPU.ActiveCfg = Release|Any CPU
		{47C21082-81A8-4C8D-88F0-D11CBEA71B07}.Release|Any CPU.Build.0 = Release|Any CPU
		{3EBBF023-DCDD-4F65-9F7C-DCB9E7776803}.Debug|Any CPU.ActiveCfg = Debug|Any CPU
		{3EBBF023-DCDD-4F65-9F7C-DCB9E7776803}.Debug|Any CPU.Build.0 = Debug|Any CPU
		{3EBBF023-DCDD-4F65-9F7C-DCB9E7776803}.Release|Any CPU.ActiveCfg = Release|Any CPU
		{3EBBF023-DCDD-4F65-9F7C-DCB9E7776803}.Release|Any CPU.Build.0 = Release|Any CPU
	EndGlobalSection
	GlobalSection(SolutionProperties) = preSolution
		HideSolutionNode = FALSE
	EndGlobalSection
	GlobalSection(ExtensibilityGlobals) = postSolution
		SolutionGuid = {767360DF-1CE9-4B89-859B-60648CD76A16}
	EndGlobalSection
EndGlobal
