
Microsoft Visual Studio Solution File, Format Version 12.00
# Visual Studio Version 16
VisualStudioVersion = 16.0.31613.86
MinimumVisualStudioVersion = 10.0.40219.1
Project("{9A19103F-16F7-4668-BE54-9A1E7A4F7556}") = "Vista", "Vista\Vista.csproj", "{DEDAAAAE-7492-4B9B-895E-89DF124AE2FF}"
EndProject
Project("{9A19103F-16F7-4668-BE54-9A1E7A4F7556}") = "Biblioteca", "Biblioteca\Biblioteca.csproj", "{AD8B10E5-D0E6-49A9-8D49-D9FDB642019E}"
EndProject
Project("{FAE04EC0-301F-11D3-BF4B-00C04F79EFBC}") = "Test_FizzBuzz", "Test_FizzBuzz\Test_FizzBuzz.csproj", "{CF283048-63EC-4E05-B0F5-E43F9FAC38F9}"
EndProject
Global
	GlobalSection(SolutionConfigurationPlatforms) = preSolution
		Debug|Any CPU = Debug|Any CPU
		Release|Any CPU = Release|Any CPU
	EndGlobalSection
	GlobalSection(ProjectConfigurationPlatforms) = postSolution
		{DEDAAAAE-7492-4B9B-895E-89DF124AE2FF}.Debug|Any CPU.ActiveCfg = Debug|Any CPU
		{DEDAAAAE-7492-4B9B-895E-89DF124AE2FF}.Debug|Any CPU.Build.0 = Debug|Any CPU
		{DEDAAAAE-7492-4B9B-895E-89DF124AE2FF}.Release|Any CPU.ActiveCfg = Release|Any CPU
		{DEDAAAAE-7492-4B9B-895E-89DF124AE2FF}.Release|Any CPU.Build.0 = Release|Any CPU
		{AD8B10E5-D0E6-49A9-8D49-D9FDB642019E}.Debug|Any CPU.ActiveCfg = Debug|Any CPU
		{AD8B10E5-D0E6-49A9-8D49-D9FDB642019E}.Debug|Any CPU.Build.0 = Debug|Any CPU
		{AD8B10E5-D0E6-49A9-8D49-D9FDB642019E}.Release|Any CPU.ActiveCfg = Release|Any CPU
		{AD8B10E5-D0E6-49A9-8D49-D9FDB642019E}.Release|Any CPU.Build.0 = Release|Any CPU
		{CF283048-63EC-4E05-B0F5-E43F9FAC38F9}.Debug|Any CPU.ActiveCfg = Debug|Any CPU
		{CF283048-63EC-4E05-B0F5-E43F9FAC38F9}.Debug|Any CPU.Build.0 = Debug|Any CPU
		{CF283048-63EC-4E05-B0F5-E43F9FAC38F9}.Release|Any CPU.ActiveCfg = Release|Any CPU
		{CF283048-63EC-4E05-B0F5-E43F9FAC38F9}.Release|Any CPU.Build.0 = Release|Any CPU
	EndGlobalSection
	GlobalSection(SolutionProperties) = preSolution
		HideSolutionNode = FALSE
	EndGlobalSection
	GlobalSection(ExtensibilityGlobals) = postSolution
		SolutionGuid = {4CAE11AC-E8E4-4184-874C-AA84B82729F1}
	EndGlobalSection
EndGlobal
