
Microsoft Visual Studio Solution File, Format Version 12.00
# Visual Studio Version 16
VisualStudioVersion = 16.0.31613.86
MinimumVisualStudioVersion = 10.0.40219.1
Project("{FAE04EC0-301F-11D3-BF4B-00C04F79EFBC}") = "Entidades", "Entidades\Entidades.csproj", "{08007B59-FB4B-4E12-9783-B9EE6A21537E}"
EndProject
Global
	GlobalSection(SolutionConfigurationPlatforms) = preSolution
		Debug|Any CPU = Debug|Any CPU
		Release|Any CPU = Release|Any CPU
	EndGlobalSection
	GlobalSection(ProjectConfigurationPlatforms) = postSolution
		{08007B59-FB4B-4E12-9783-B9EE6A21537E}.Debug|Any CPU.ActiveCfg = Debug|Any CPU
		{08007B59-FB4B-4E12-9783-B9EE6A21537E}.Debug|Any CPU.Build.0 = Debug|Any CPU
		{08007B59-FB4B-4E12-9783-B9EE6A21537E}.Release|Any CPU.ActiveCfg = Release|Any CPU
		{08007B59-FB4B-4E12-9783-B9EE6A21537E}.Release|Any CPU.Build.0 = Release|Any CPU
	EndGlobalSection
	GlobalSection(SolutionProperties) = preSolution
		HideSolutionNode = FALSE
	EndGlobalSection
	GlobalSection(ExtensibilityGlobals) = postSolution
		SolutionGuid = {8BEFEDE5-50BD-41EB-9E47-A580DE102367}
	EndGlobalSection
EndGlobal
