
Microsoft Visual Studio Solution File, Format Version 12.00
# Visual Studio Version 16
VisualStudioVersion = 16.0.31613.86
MinimumVisualStudioVersion = 10.0.40219.1
Project("{FAE04EC0-301F-11D3-BF4B-00C04F79EFBC}") = "FormsVista", "FormsVista\FormsVista.csproj", "{F2C5A835-D655-419B-8BE9-0DA44112A2E3}"
EndProject
Global
	GlobalSection(SolutionConfigurationPlatforms) = preSolution
		Debug|Any CPU = Debug|Any CPU
		Release|Any CPU = Release|Any CPU
	EndGlobalSection
	GlobalSection(ProjectConfigurationPlatforms) = postSolution
		{F2C5A835-D655-419B-8BE9-0DA44112A2E3}.Debug|Any CPU.ActiveCfg = Debug|Any CPU
		{F2C5A835-D655-419B-8BE9-0DA44112A2E3}.Debug|Any CPU.Build.0 = Debug|Any CPU
		{F2C5A835-D655-419B-8BE9-0DA44112A2E3}.Release|Any CPU.ActiveCfg = Release|Any CPU
		{F2C5A835-D655-419B-8BE9-0DA44112A2E3}.Release|Any CPU.Build.0 = Release|Any CPU
	EndGlobalSection
	GlobalSection(SolutionProperties) = preSolution
		HideSolutionNode = FALSE
	EndGlobalSection
	GlobalSection(ExtensibilityGlobals) = postSolution
		SolutionGuid = {8C8623E4-DCD9-4390-AAE4-7A89952CC130}
	EndGlobalSection
EndGlobal
