
Microsoft Visual Studio Solution File, Format Version 12.00
# Visual Studio Version 16
VisualStudioVersion = 16.0.31613.86
MinimumVisualStudioVersion = 10.0.40219.1
Project("{FAE04EC0-301F-11D3-BF4B-00C04F79EFBC}") = "Vista", "Vista\Vista.csproj", "{322AC86C-66DC-463F-B65F-17DD209DDF25}"
EndProject
Project("{FAE04EC0-301F-11D3-BF4B-00C04F79EFBC}") = "TestProject1", "TestProject1\TestProject1.csproj", "{0CAD3130-639F-463E-87F6-B6BB4CA02A15}"
EndProject
Project("{FAE04EC0-301F-11D3-BF4B-00C04F79EFBC}") = "Biblioteca", "Biblioteca\Biblioteca.csproj", "{D0380332-19B2-4EB0-B1A9-9F7679EC0E03}"
EndProject
Global
	GlobalSection(SolutionConfigurationPlatforms) = preSolution
		Debug|Any CPU = Debug|Any CPU
		Release|Any CPU = Release|Any CPU
	EndGlobalSection
	GlobalSection(ProjectConfigurationPlatforms) = postSolution
		{322AC86C-66DC-463F-B65F-17DD209DDF25}.Debug|Any CPU.ActiveCfg = Debug|Any CPU
		{322AC86C-66DC-463F-B65F-17DD209DDF25}.Debug|Any CPU.Build.0 = Debug|Any CPU
		{322AC86C-66DC-463F-B65F-17DD209DDF25}.Release|Any CPU.ActiveCfg = Release|Any CPU
		{322AC86C-66DC-463F-B65F-17DD209DDF25}.Release|Any CPU.Build.0 = Release|Any CPU
		{0CAD3130-639F-463E-87F6-B6BB4CA02A15}.Debug|Any CPU.ActiveCfg = Debug|Any CPU
		{0CAD3130-639F-463E-87F6-B6BB4CA02A15}.Debug|Any CPU.Build.0 = Debug|Any CPU
		{0CAD3130-639F-463E-87F6-B6BB4CA02A15}.Release|Any CPU.ActiveCfg = Release|Any CPU
		{0CAD3130-639F-463E-87F6-B6BB4CA02A15}.Release|Any CPU.Build.0 = Release|Any CPU
		{D0380332-19B2-4EB0-B1A9-9F7679EC0E03}.Debug|Any CPU.ActiveCfg = Debug|Any CPU
		{D0380332-19B2-4EB0-B1A9-9F7679EC0E03}.Debug|Any CPU.Build.0 = Debug|Any CPU
		{D0380332-19B2-4EB0-B1A9-9F7679EC0E03}.Release|Any CPU.ActiveCfg = Release|Any CPU
		{D0380332-19B2-4EB0-B1A9-9F7679EC0E03}.Release|Any CPU.Build.0 = Release|Any CPU
	EndGlobalSection
	GlobalSection(SolutionProperties) = preSolution
		HideSolutionNode = FALSE
	EndGlobalSection
	GlobalSection(ExtensibilityGlobals) = postSolution
		SolutionGuid = {EC783075-9C7F-4108-A9FD-AAAE1FB4A7DD}
	EndGlobalSection
EndGlobal
